
Microsoft Visual Studio Solution File, Format Version 12.00
# Visual Studio Version 16
VisualStudioVersion = 16.0.30413.136
MinimumVisualStudioVersion = 10.0.40219.1
Project("{FAE04EC0-301F-11D3-BF4B-00C04F79EFBC}") = "Vidly", "Vidly.csproj", "{24FCF0BB-54F1-4D24-AF33-6035B6216B9C}"
EndProject
Global
	GlobalSection(SolutionConfigurationPlatforms) = preSolution
		Debug|Any CPU = Debug|Any CPU
		Release|Any CPU = Release|Any CPU
		Testing|Any CPU = Testing|Any CPU
	EndGlobalSection
	GlobalSection(ProjectConfigurationPlatforms) = postSolution
		{24FCF0BB-54F1-4D24-AF33-6035B6216B9C}.Debug|Any CPU.ActiveCfg = Debug|Any CPU
		{24FCF0BB-54F1-4D24-AF33-6035B6216B9C}.Debug|Any CPU.Build.0 = Debug|Any CPU
		{24FCF0BB-54F1-4D24-AF33-6035B6216B9C}.Release|Any CPU.ActiveCfg = Release|Any CPU
		{24FCF0BB-54F1-4D24-AF33-6035B6216B9C}.Release|Any CPU.Build.0 = Release|Any CPU
		{24FCF0BB-54F1-4D24-AF33-6035B6216B9C}.Testing|Any CPU.ActiveCfg = Testing|Any CPU
		{24FCF0BB-54F1-4D24-AF33-6035B6216B9C}.Testing|Any CPU.Build.0 = Testing|Any CPU
	EndGlobalSection
	GlobalSection(SolutionProperties) = preSolution
		HideSolutionNode = FALSE
	EndGlobalSection
	GlobalSection(ExtensibilityGlobals) = postSolution
		SolutionGuid = {8ED15A00-8B07-4575-BEB1-D685674DC859}
	EndGlobalSection
EndGlobal
